<?xml version="1.0" encoding="UTF-8" standalone="yes" ?>
<CodeBlocks_project_file>
	<FileVersion major="1" minor="6" />
	<Project>
		<Option title="Lo Re 2" />
		<Option pch_mode="2" />
		<Option compiler="gcc" />
		<Option virtualFolders="Tests\;" />
		<Build>
			<Target title="Debug">
				<Option output="bin\Debug\Lo Re 2" prefix_auto="1" extension_auto="1" />
				<Option object_output="obj\Debug\" />
				<Option type="1" />
				<Option compiler="gcc" />
				<Compiler>
					<Add option="-g" />
				</Compiler>
			</Target>
			<Target title="Release">
				<Option output="bin\Release\Lo Re 2" prefix_auto="1" extension_auto="1" />
				<Option object_output="obj\Release\" />
				<Option type="1" />
				<Option compiler="gcc" />
				<Compiler>
					<Add option="-O2" />
				</Compiler>
				<Linker>
					<Add option="-s" />
				</Linker>
			</Target>
		</Build>
		<Compiler>
			<Add option="-Wall" />
		</Compiler>
		<Unit filename="Card.cpp" />
		<Unit filename="Card.h" />
		<Unit filename="Choice.cpp" />
		<Unit filename="Choice.h" />
		<Unit filename="Deck.cpp" />
		<Unit filename="Deck.h" />
		<Unit filename="Game-start.cpp" />
		<Unit filename="Game.cpp" />
		<Unit filename="Game.h" />
		<Unit filename="Role-chooseCard.cpp" />
		<Unit filename="Role-exchanges.cpp" />
		<Unit filename="Role.cpp" />
		<Unit filename="Role.h" />
		<Unit filename="gameState.h" />
		<Unit filename="interface-msg.cpp" />
		<Unit filename="interface.cpp" />
		<Unit filename="interface.h" />
		<Unit filename="loRe2.h" />
		<Unit filename="main.cpp" />
		<Unit filename="option.h" />
		<Unit filename="player.h" />
		<Unit filename="test\t1_card.cpp">
			<Option virtualFolder="Tests\" />
			<Option target="Debug" />
		</Unit>
		<Unit filename="test\t2_deck.cpp">
			<Option virtualFolder="Tests\" />
			<Option target="Debug" />
		</Unit>
		<Unit filename="test\t3_choice.cpp">
			<Option virtualFolder="Tests\" />
			<Option target="Debug" />
		</Unit>
		<Unit filename="test\t4_role.cpp">
			<Option virtualFolder="Tests\" />
			<Option target="Debug" />
		</Unit>
		<Unit filename="test\t5_interface.cpp">
			<Option virtualFolder="Tests\" />
			<Option target="Debug" />
		</Unit>
		<Unit filename="test\t6_game.cpp">
			<Option virtualFolder="Tests\" />
			<Option target="Debug" />
		</Unit>
		<Unit filename="test\test_all.cpp">
			<Option virtualFolder="Tests\" />
			<Option target="Debug" />
		</Unit>
		<Extensions>
			<code_completion />
			<envvars />
			<debugger />
		</Extensions>
	</Project>
</CodeBlocks_project_file>
